
Microsoft Visual Studio Solution File, Format Version 12.00
# Visual Studio Version 16
VisualStudioVersion = 16.0.31105.61
MinimumVisualStudioVersion = 10.0.40219.1
Project("{FAE04EC0-301F-11D3-BF4B-00C04F79EFBC}") = "LibraryWebApp", "LibraryWebApp\LibraryWebApp.csproj", "{3B46FBB4-6036-4BAB-BBB2-5339F9FD521E}"
EndProject
Project("{FAE04EC0-301F-11D3-BF4B-00C04F79EFBC}") = "Library.Data", "Library.Data\Library.Data.csproj", "{78929B6F-3434-45F2-A3E9-F4081174C083}"
EndProject
Project("{FAE04EC0-301F-11D3-BF4B-00C04F79EFBC}") = "Library.Data.Models", "Library.Data.Models\Library.Data.Models.csproj", "{AEACA48A-CC02-44D3-A204-77E9AA2098C0}"
EndProject
Global
	GlobalSection(SolutionConfigurationPlatforms) = preSolution
		Debug|Any CPU = Debug|Any CPU
		Release|Any CPU = Release|Any CPU
	EndGlobalSection
	GlobalSection(ProjectConfigurationPlatforms) = postSolution
		{3B46FBB4-6036-4BAB-BBB2-5339F9FD521E}.Debug|Any CPU.ActiveCfg = Debug|Any CPU
		{3B46FBB4-6036-4BAB-BBB2-5339F9FD521E}.Debug|Any CPU.Build.0 = Debug|Any CPU
		{3B46FBB4-6036-4BAB-BBB2-5339F9FD521E}.Release|Any CPU.ActiveCfg = Release|Any CPU
		{3B46FBB4-6036-4BAB-BBB2-5339F9FD521E}.Release|Any CPU.Build.0 = Release|Any CPU
		{78929B6F-3434-45F2-A3E9-F4081174C083}.Debug|Any CPU.ActiveCfg = Debug|Any CPU
		{78929B6F-3434-45F2-A3E9-F4081174C083}.Debug|Any CPU.Build.0 = Debug|Any CPU
		{78929B6F-3434-45F2-A3E9-F4081174C083}.Release|Any CPU.ActiveCfg = Release|Any CPU
		{78929B6F-3434-45F2-A3E9-F4081174C083}.Release|Any CPU.Build.0 = Release|Any CPU
		{AEACA48A-CC02-44D3-A204-77E9AA2098C0}.Debug|Any CPU.ActiveCfg = Debug|Any CPU
		{AEACA48A-CC02-44D3-A204-77E9AA2098C0}.Debug|Any CPU.Build.0 = Debug|Any CPU
		{AEACA48A-CC02-44D3-A204-77E9AA2098C0}.Release|Any CPU.ActiveCfg = Release|Any CPU
		{AEACA48A-CC02-44D3-A204-77E9AA2098C0}.Release|Any CPU.Build.0 = Release|Any CPU
	EndGlobalSection
	GlobalSection(SolutionProperties) = preSolution
		HideSolutionNode = FALSE
	EndGlobalSection
	GlobalSection(ExtensibilityGlobals) = postSolution
		SolutionGuid = {18A0CACA-3DCB-486C-B22C-438D02AE93E6}
	EndGlobalSection
EndGlobal
